// !$*UTF8*$!
{
	archiveVersion = 1;
	classes = {
	};
	objectVersion = 48;
	objects = {

/* Begin PBXGroup section */
		85F69E6822D66F8700AB1DAF = {
			isa = PBXGroup;
			children = (
			);
			sourceTree = "<group>";
		};
/* End PBXGroup section */

/* Begin PBXProject section */
		85F69E6922D66F8700AB1DAF /* Project object */ = {
			isa = PBXProject;
			attributes = {
				LastUpgradeCheck = 0920;
			};
			buildConfigurationList = 85F69E6C22D66F8700AB1DAF /* Build configuration list for PBXProject "Fractol" */;
			compatibilityVersion = "Xcode 8.0";
			developmentRegion = en;
			hasScannedForEncodings = 0;
			knownRegions = (
				en,
			);
			mainGroup = 85F69E6822D66F8700AB1DAF;
			projectDirPath = "";
			projectRoot = "";
			targets = (
			);
		};
/* End PBXProject section */

/* Begin XCBuildConfiguration section */
		85F69E6D22D66F8700AB1DAF /* Debug */ = {
			isa = XCBuildConfiguration;
			buildSettings = {
			};
			name = Debug;
		};
		85F69E6E22D66F8700AB1DAF /* Release */ = {
			isa = XCBuildConfiguration;
			buildSettings = {
			};
			name = Release;
		};
/* End XCBuildConfiguration section */

/* Begin XCConfigurationList section */
		85F69E6C22D66F8700AB1DAF /* Build configuration list for PBXProject "Fractol" */ = {
			isa = XCConfigurationList;
			buildConfigurations = (
				85F69E6D22D66F8700AB1DAF /* Debug */,
				85F69E6E22D66F8700AB1DAF /* Release */,
			);
			defaultConfigurationIsVisible = 0;
			defaultConfigurationName = Release;
		};
/* End XCConfigurationList section */
	};
	rootObject = 85F69E6922D66F8700AB1DAF /* Project object */;
}
